PODS:
  - Flutter (1.0.0)
  - flutter_ali_auth (0.0.1):
    - Flutter
    - MBProgressHUD
    - MJExtension
    - SDWebImage
  - MBProgressHUD (1.2.0)
  - MJExtension (3.4.2)
  - SDWebImage (5.21.7):
    - SDWebImage/Core (= 5.21.7)
  - SDWebImage/Core (5.21.7)

DEPENDENCIES:
  - Flutter (from `Flutter`)
  - flutter_ali_auth (from `.symlinks/plugins/flutter_ali_auth/ios`)

SPEC REPOS:
  trunk:
    - MBProgressHUD
    - MJExtension
    - SDWebImage

EXTERNAL SOURCES:
  Flutter:
    :path: Flutter
  flutter_ali_auth:
    :path: ".symlinks/plugins/flutter_ali_auth/ios"

SPEC CHECKSUMS:
  Flutter: cabc95a1d2626b1b06e7179b784ebcf0c0cde467
  flutter_ali_auth: 4da3eda7ef3e5b1c7c9b4dc0e1f6b3c3bdc4b70c
  MBProgressHUD: 3ee5efcc380f6a79a7cc9b363dd669c5e1ae7406
  MJExtension: e97d164cb411aa9795cf576093a1fa208b4a8dd8
  SDWebImage: e9fc87c1aab89a8ab1bbd74eba378c6f53be8abf

PODFILE CHECKSUM: 990694204ed2969c210a4617f63ec854a802b116

COCOAPODS: 1.16.2
